
Microsoft Visual Studio Solution File, Format Version 12.00
# Visual Studio 15
VisualStudioVersion = 15.0.28010.2026
MinimumVisualStudioVersion = 10.0.40219.1
Project("{9092AA53-FB77-4645-B42D-1CCCA6BD08BD}") = "serverTest2", "serverTest2\serverTest2.njsproj", "{DB9E3A6A-E8AE-4531-961E-ADD02698B64D}"
EndProject
Global
	GlobalSection(SolutionConfigurationPlatforms) = preSolution
		Debug|Any CPU = Debug|Any CPU
		Release|Any CPU = Release|Any CPU
	EndGlobalSection
	GlobalSection(ProjectConfigurationPlatforms) = postSolution
		{DB9E3A6A-E8AE-4531-961E-ADD02698B64D}.Debug|Any CPU.ActiveCfg = Debug|Any CPU
		{DB9E3A6A-E8AE-4531-961E-ADD02698B64D}.Debug|Any CPU.Build.0 = Debug|Any CPU
		{DB9E3A6A-E8AE-4531-961E-ADD02698B64D}.Release|Any CPU.ActiveCfg = Release|Any CPU
		{DB9E3A6A-E8AE-4531-961E-ADD02698B64D}.Release|Any CPU.Build.0 = Release|Any CPU
	EndGlobalSection
	GlobalSection(SolutionProperties) = preSolution
		HideSolutionNode = FALSE
	EndGlobalSection
	GlobalSection(ExtensibilityGlobals) = postSolution
		SolutionGuid = {4BC8B3BC-DCE8-4BE3-A0B5-3CA275741792}
	EndGlobalSection
EndGlobal
